
Microsoft Visual Studio Solution File, Format Version 11.00
# Visual Studio 2010
Project("{FAE04EC0-301F-11D3-BF4B-00C04F79EFBC}") = "CommandOnLan", "CommandOnLan\CommandOnLan.csproj", "{EB9471C0-BE6A-4B3F-A8E6-9E535B76C500}"
EndProject
Global
	GlobalSection(SolutionConfigurationPlatforms) = preSolution
		Debug|x86 = Debug|x86
		Release|x86 = Release|x86
	EndGlobalSection
	GlobalSection(ProjectConfigurationPlatforms) = postSolution
		{EB9471C0-BE6A-4B3F-A8E6-9E535B76C500}.Debug|x86.ActiveCfg = Release|x86
		{EB9471C0-BE6A-4B3F-A8E6-9E535B76C500}.Debug|x86.Build.0 = Release|x86
		{EB9471C0-BE6A-4B3F-A8E6-9E535B76C500}.Release|x86.ActiveCfg = Release|x86
		{EB9471C0-BE6A-4B3F-A8E6-9E535B76C500}.Release|x86.Build.0 = Release|x86
	EndGlobalSection
	GlobalSection(SolutionProperties) = preSolution
		HideSolutionNode = FALSE
	EndGlobalSection
EndGlobal
